
Microsoft Visual Studio Solution File, Format Version 12.00
# Visual Studio 15
VisualStudioVersion = 15.0.27130.2027
MinimumVisualStudioVersion = 10.0.40219.1
Project("{FAE04EC0-301F-11D3-BF4B-00C04F79EFBC}") = "EventsDialog", "EventsDialog\EventsDialog.csproj", "{5362C62E-1530-43EE-A966-157B215B4F56}"
EndProject
Project("{2150E333-8FDC-42A3-9474-1A3956D46DE8}") = "Solution Items", "Solution Items", "{876C9A40-38B8-4B64-857C-10842EEA1E64}"
	ProjectSection(SolutionItems) = preProject
		events.json = events.json
		readme.md = readme.md
	EndProjectSection
EndProject
Project("{FAE04EC0-301F-11D3-BF4B-00C04F79EFBC}") = "EventsDialog.Meetup", "EventsDialog.Meetup\EventsDialog.Meetup.csproj", "{00C40283-6C1E-4D60-BAFC-017897A54868}"
EndProject
Global
	GlobalSection(SolutionConfigurationPlatforms) = preSolution
		Debug|Any CPU = Debug|Any CPU
		Release|Any CPU = Release|Any CPU
	EndGlobalSection
	GlobalSection(ProjectConfigurationPlatforms) = postSolution
		{5362C62E-1530-43EE-A966-157B215B4F56}.Debug|Any CPU.ActiveCfg = Debug|Any CPU
		{5362C62E-1530-43EE-A966-157B215B4F56}.Debug|Any CPU.Build.0 = Debug|Any CPU
		{5362C62E-1530-43EE-A966-157B215B4F56}.Release|Any CPU.ActiveCfg = Release|Any CPU
		{5362C62E-1530-43EE-A966-157B215B4F56}.Release|Any CPU.Build.0 = Release|Any CPU
		{00C40283-6C1E-4D60-BAFC-017897A54868}.Debug|Any CPU.ActiveCfg = Debug|Any CPU
		{00C40283-6C1E-4D60-BAFC-017897A54868}.Debug|Any CPU.Build.0 = Debug|Any CPU
		{00C40283-6C1E-4D60-BAFC-017897A54868}.Release|Any CPU.ActiveCfg = Release|Any CPU
		{00C40283-6C1E-4D60-BAFC-017897A54868}.Release|Any CPU.Build.0 = Release|Any CPU
	EndGlobalSection
	GlobalSection(SolutionProperties) = preSolution
		HideSolutionNode = FALSE
	EndGlobalSection
	GlobalSection(ExtensibilityGlobals) = postSolution
		SolutionGuid = {D2BACB2B-4EC0-426E-B4F6-A0F2477EA317}
	EndGlobalSection
EndGlobal
